
Microsoft Visual Studio Solution File, Format Version 12.00
# Visual Studio 15
VisualStudioVersion = 15.0.27703.2047
MinimumVisualStudioVersion = 10.0.40219.1
Project("{FAE04EC0-301F-11D3-BF4B-00C04F79EFBC}") = "FortuneSystem", "FortuneSystem\FortuneSystem.csproj", "{C2B88643-DC5B-456A-A3FC-C0DFCC65C291}"
EndProject
Project("{FAE04EC0-301F-11D3-BF4B-00C04F79EFBC}") = "Helpers", "Helpers\Helpers.csproj", "{DBCCD864-AFFD-4119-BF90-EAC4FFAF604F}"
EndProject
Global
	GlobalSection(SolutionConfigurationPlatforms) = preSolution
		Debug|Any CPU = Debug|Any CPU
		Release|Any CPU = Release|Any CPU
	EndGlobalSection
	GlobalSection(ProjectConfigurationPlatforms) = postSolution
		{C2B88643-DC5B-456A-A3FC-C0DFCC65C291}.Debug|Any CPU.ActiveCfg = Debug|Any CPU
		{C2B88643-DC5B-456A-A3FC-C0DFCC65C291}.Debug|Any CPU.Build.0 = Debug|Any CPU
		{C2B88643-DC5B-456A-A3FC-C0DFCC65C291}.Release|Any CPU.ActiveCfg = Release|Any CPU
		{C2B88643-DC5B-456A-A3FC-C0DFCC65C291}.Release|Any CPU.Build.0 = Release|Any CPU
		{DBCCD864-AFFD-4119-BF90-EAC4FFAF604F}.Debug|Any CPU.ActiveCfg = Debug|Any CPU
		{DBCCD864-AFFD-4119-BF90-EAC4FFAF604F}.Debug|Any CPU.Build.0 = Debug|Any CPU
		{DBCCD864-AFFD-4119-BF90-EAC4FFAF604F}.Release|Any CPU.ActiveCfg = Release|Any CPU
		{DBCCD864-AFFD-4119-BF90-EAC4FFAF604F}.Release|Any CPU.Build.0 = Release|Any CPU
	EndGlobalSection
	GlobalSection(SolutionProperties) = preSolution
		HideSolutionNode = FALSE
	EndGlobalSection
	GlobalSection(ExtensibilityGlobals) = postSolution
		SolutionGuid = {237FC228-AC5D-4D9A-AE8E-F593A287DF8A}
	EndGlobalSection
EndGlobal
